// !$*UTF8*$!
{
	archiveVersion = 1;
	classes = {
	};
	objectVersion = 56;
	objects = {

/* Begin PBXBuildFile section */
		F52B0A2C294874250011BA49 /* AppDelegate.swift in Sources */ = {isa = PBXBuildFile; fileRef = F52B0A2B294874250011BA49 /* AppDelegate.swift */; };
		F52B0A2E294874250011BA49 /* SceneDelegate.swift in Sources */ = {isa = PBXBuildFile; fileRef = F52B0A2D294874250011BA49 /* SceneDelegate.swift */; };
		F52B0A30294874250011BA49 /* ViewController.swift in Sources */ = {isa = PBXBuildFile; fileRef = F52B0A2F294874250011BA49 /* ViewController.swift */; };
		F52B0A33294874250011BA49 /* Main.storyboard in Resources */ = {isa = PBXBuildFile; fileRef = F52B0A31294874250011BA49 /* Main.storyboard */; };
		F52B0A35294874270011BA49 /* Assets.xcassets in Resources */ = {isa = PBXBuildFile; fileRef = F52B0A34294874270011BA49 /* Assets.xcassets */; };
		F52B0A38294874270011BA49 /* LaunchScreen.storyboard in Resources */ = {isa = PBXBuildFile; fileRef = F52B0A36294874270011BA49 /* LaunchScreen.storyboard */; };
		F52B0A40294879D50011BA49 /* notCell.swift in Sources */ = {isa = PBXBuildFile; fileRef = F52B0A3F294879D50011BA49 /* notCell.swift */; };
		F52B0A422948A7FA0011BA49 /* notesModel.swift in Sources */ = {isa = PBXBuildFile; fileRef = F52B0A412948A7FA0011BA49 /* notesModel.swift */; };
/* End PBXBuildFile section */

/* Begin PBXFileReference section */
		F52B0A28294874250011BA49 /* Test 3r.app */ = {isa = PBXFileReference; explicitFileType = wrapper.application; includeInIndex = 0; path = "Test 3r.app"; sourceTree = BUILT_PRODUCTS_DIR; };
		F52B0A2B294874250011BA49 /* AppDelegate.swift */ = {isa = PBXFileReference; lastKnownFileType = sourcecode.swift; path = AppDelegate.swift; sourceTree = "<group>"; };
		F52B0A2D294874250011BA49 /* SceneDelegate.swift */ = {isa = PBXFileReference; lastKnownFileType = sourcecode.swift; path = SceneDelegate.swift; sourceTree = "<group>"; };
		F52B0A2F294874250011BA49 /* ViewController.swift */ = {isa = PBXFileReference; lastKnownFileType = sourcecode.swift; path = ViewController.swift; sourceTree = "<group>"; };
		F52B0A32294874250011BA49 /* Base */ = {isa = PBXFileReference; lastKnownFileType = file.storyboard; name = Base; path = Base.lproj/Main.storyboard; sourceTree = "<group>"; };
		F52B0A34294874270011BA49 /* Assets.xcassets */ = {isa = PBXFileReference; lastKnownFileType = folder.assetcatalog; path = Assets.xcassets; sourceTree = "<group>"; };
		F52B0A37294874270011BA49 /* Base */ = {isa = PBXFileReference; lastKnownFileType = file.storyboard; name = Base; path = Base.lproj/LaunchScreen.storyboard; sourceTree = "<group>"; };
		F52B0A39294874270011BA49 /* Info.plist */ = {isa = PBXFileReference; lastKnownFileType = text.plist.xml; path = Info.plist; sourceTree = "<group>"; };
		F52B0A3F294879D50011BA49 /* notCell.swift */ = {isa = PBXFileReference; lastKnownFileType = sourcecode.swift; path = notCell.swift; sourceTree = "<group>"; };
		F52B0A412948A7FA0011BA49 /* notesModel.swift */ = {isa = PBXFileReference; lastKnownFileType = sourcecode.swift; path = notesModel.swift; sourceTree = "<group>"; };
/* End PBXFileReference section */

/* Begin PBXFrameworksBuildPhase section */
		F52B0A25294874250011BA49 /* Frameworks */ = {
			isa = PBXFrameworksBuildPhase;
			buildActionMask = 2147483647;
			files = (
			);
			runOnlyForDeploymentPostprocessing = 0;
		};
/* End PBXFrameworksBuildPhase section */

/* Begin PBXGroup section */
		F52B0A1F294874250011BA49 = {
			isa = PBXGroup;
			children = (
				F52B0A2A294874250011BA49 /* Test 3r */,
				F52B0A29294874250011BA49 /* Products */,
			);
			sourceTree = "<group>";
		};
		F52B0A29294874250011BA49 /* Products */ = {
			isa = PBXGroup;
			children = (
				F52B0A28294874250011BA49 /* Test 3r.app */,
			);
			name = Products;
			sourceTree = "<group>";
		};
		F52B0A2A294874250011BA49 /* Test 3r */ = {
			isa = PBXGroup;
			children = (
				F52B0A2B294874250011BA49 /* AppDelegate.swift */,
				F52B0A2D294874250011BA49 /* SceneDelegate.swift */,
				F52B0A2F294874250011BA49 /* ViewController.swift */,
				F52B0A31294874250011BA49 /* Main.storyboard */,
				F52B0A34294874270011BA49 /* Assets.xcassets */,
				F52B0A36294874270011BA49 /* LaunchScreen.storyboard */,
				F52B0A39294874270011BA49 /* Info.plist */,
				F52B0A3F294879D50011BA49 /* notCell.swift */,
				F52B0A412948A7FA0011BA49 /* notesModel.swift */,
			);
			path = "Test 3r";
			sourceTree = "<group>";
		};
/* End PBXGroup section */

/* Begin PBXNativeTarget section */
		F52B0A27294874250011BA49 /* Test 3r */ = {
			isa = PBXNativeTarget;
			buildConfigurationList = F52B0A3C294874270011BA49 /* Build configuration list for PBXNativeTarget "Test 3r" */;
			buildPhases = (
				F52B0A24294874250011BA49 /* Sources */,
				F52B0A25294874250011BA49 /* Frameworks */,
				F52B0A26294874250011BA49 /* Resources */,
			);
			buildRules = (
			);
			dependencies = (
			);
			name = "Test 3r";
			productName = "Test 3r";
			productReference = F52B0A28294874250011BA49 /* Test 3r.app */;
			productType = "com.apple.product-type.application";
		};
/* End PBXNativeTarget section */

/* Begin PBXProject section */
		F52B0A20294874250011BA49 /* Project object */ = {
			isa = PBXProject;
			attributes = {
				BuildIndependentTargetsInParallel = 1;
				LastSwiftUpdateCheck = 1410;
				LastUpgradeCheck = 1410;
				TargetAttributes = {
					F52B0A27294874250011BA49 = {
						CreatedOnToolsVersion = 14.1;
					};
				};
			};
			buildConfigurationList = F52B0A23294874250011BA49 /* Build configuration list for PBXProject "Test 3r" */;
			compatibilityVersion = "Xcode 14.0";
			developmentRegion = en;
			hasScannedForEncodings = 0;
			knownRegions = (
				en,
				Base,
			);
			mainGroup = F52B0A1F294874250011BA49;
			productRefGroup = F52B0A29294874250011BA49 /* Products */;
			projectDirPath = "";
			projectRoot = "";
			targets = (
				F52B0A27294874250011BA49 /* Test 3r */,
			);
		};
/* End PBXProject section */

/* Begin PBXResourcesBuildPhase section */
		F52B0A26294874250011BA49 /* Resources */ = {
			isa = PBXResourcesBuildPhase;
			buildActionMask = 2147483647;
			files = (
				F52B0A38294874270011BA49 /* LaunchScreen.storyboard in Resources */,
				F52B0A35294874270011BA49 /* Assets.xcassets in Resources */,
				F52B0A33294874250011BA49 /* Main.storyboard in Resources */,
			);
			runOnlyForDeploymentPostprocessing = 0;
		};
/* End PBXResourcesBuildPhase section */

/* Begin PBXSourcesBuildPhase section */
		F52B0A24294874250011BA49 /* Sources */ = {
			isa = PBXSourcesBuildPhase;
			buildActionMask = 2147483647;
			files = (
				F52B0A422948A7FA0011BA49 /* notesModel.swift in Sources */,
				F52B0A30294874250011BA49 /* ViewController.swift in Sources */,
				F52B0A40294879D50011BA49 /* notCell.swift in Sources */,
				F52B0A2C294874250011BA49 /* AppDelegate.swift in Sources */,
				F52B0A2E294874250011BA49 /* SceneDelegate.swift in Sources */,
			);
			runOnlyForDeploymentPostprocessing = 0;
		};
/* End PBXSourcesBuildPhase section */

/* Begin PBXVariantGroup section */
		F52B0A31294874250011BA49 /* Main.storyboard */ = {
			isa = PBXVariantGroup;
			children = (
				F52B0A32294874250011BA49 /* Base */,
			);
			name = Main.storyboard;
			sourceTree = "<group>";
		};
		F52B0A36294874270011BA49 /* LaunchScreen.storyboard */ = {
			isa = PBXVariantGroup;
			children = (
				F52B0A37294874270011BA49 /* Base */,
			);
			name = LaunchScreen.storyboard;
			sourceTree = "<group>";
		};
/* End PBXVariantGroup section */

/* Begin XCBuildConfiguration section */
		F52B0A3A294874270011BA49 /* Debug */ = {
			isa = XCBuildConfiguration;
			buildSettings = {
				ALWAYS_SEARCH_USER_PATHS = NO;
				CLANG_ANALYZER_NONNULL = YES;
				CLANG_ANALYZER_NUMBER_OBJECT_CONVERSION = YES_AGGRESSIVE;
				CLANG_CXX_LANGUAGE_STANDARD = "gnu++20";
				CLANG_ENABLE_MODULES = YES;
				CLANG_ENABLE_OBJC_ARC = YES;
				CLANG_ENABLE_OBJC_WEAK = YES;
				CLANG_WARN_BLOCK_CAPTURE_AUTORELEASING = YES;
				CLANG_WARN_BOOL_CONVERSION = YES;
				CLANG_WARN_COMMA = YES;
				CLANG_WARN_CONSTANT_CONVERSION = YES;
				CLANG_WARN_DEPRECATED_OBJC_IMPLEMENTATIONS = YES;
				CLANG_WARN_DIRECT_OBJC_ISA_USAGE = YES_ERROR;
				CLANG_WARN_DOCUMENTATION_COMMENTS = YES;
				CLANG_WARN_EMPTY_BODY = YES;
				CLANG_WARN_ENUM_CONVERSION = YES;
				CLANG_WARN_INFINITE_RECURSION = YES;
				CLANG_WARN_INT_CONVERSION = YES;
				CLANG_WARN_NON_LITERAL_NULL_CONVERSION = YES;
				CLANG_WARN_OBJC_IMPLICIT_RETAIN_SELF = YES;
				CLANG_WARN_OBJC_LITERAL_CONVERSION = YES;
				CLANG_WARN_OBJC_ROOT_CLASS = YES_ERROR;
				CLANG_WARN_QUOTED_INCLUDE_IN_FRAMEWORK_HEADER = YES;
				CLANG_WARN_RANGE_LOOP_ANALYSIS = YES;
				CLANG_WARN_STRICT_PROTOTYPES = YES;
				CLANG_WARN_SUSPICIOUS_MOVE = YES;
				CLANG_WARN_UNGUARDED_AVAILABILITY = YES_AGGRESSIVE;
				CLANG_WARN_UNREACHABLE_CODE = YES;
				CLANG_WARN__DUPLICATE_METHOD_MATCH = YES;
				COPY_PHASE_STRIP = NO;
				DEBUG_INFORMATION_FORMAT = dwarf;
				ENABLE_STRICT_OBJC_MSGSEND = YES;
				ENABLE_TESTABILITY = YES;
				GCC_C_LANGUAGE_STANDARD = gnu11;
				GCC_DYNAMIC_NO_PIC = NO;
				GCC_NO_COMMON_BLOCKS = YES;
				GCC_OPTIMIZATION_LEVEL = 0;
				GCC_PREPROCESSOR_DEFINITIONS = (
					"DEBUG=1",
					"$(inherited)",
				);
				GCC_WARN_64_TO_32_BIT_CONVERSION = YES;
				GCC_WARN_ABOUT_RETURN_TYPE = YES_ERROR;
				GCC_WARN_UNDECLARED_SELECTOR = YES;
				GCC_WARN_UNINITIALIZED_AUTOS = YES_AGGRESSIVE;
				GCC_WARN_UNUSED_FUNCTION = YES;
				GCC_WARN_UNUSED_VARIABLE = YES;
				IPHONEOS_DEPLOYMENT_TARGET = 16.1;
				MTL_ENABLE_DEBUG_INFO = INCLUDE_SOURCE;
				MTL_FAST_MATH = YES;
				ONLY_ACTIVE_ARCH = YES;
				SDKROOT = iphoneos;
				SWIFT_ACTIVE_COMPILATION_CONDITIONS = DEBUG;
				SWIFT_OPTIMIZATION_LEVEL = "-Onone";
			};
			name = Debug;
		};
		F52B0A3B294874270011BA49 /* Release */ = {
			isa = XCBuildConfiguration;
			buildSettings = {
				ALWAYS_SEARCH_USER_PATHS = NO;
				CLANG_ANALYZER_NONNULL = YES;
				CLANG_ANALYZER_NUMBER_OBJECT_CONVERSION = YES_AGGRESSIVE;
				CLANG_CXX_LANGUAGE_STANDARD = "gnu++20";
				CLANG_ENABLE_MODULES = YES;
				CLANG_ENABLE_OBJC_ARC = YES;
				CLANG_ENABLE_OBJC_WEAK = YES;
				CLANG_WARN_BLOCK_CAPTURE_AUTORELEASING = YES;
				CLANG_WARN_BOOL_CONVERSION = YES;
				CLANG_WARN_COMMA = YES;
				CLANG_WARN_CONSTANT_CONVERSION = YES;
				CLANG_WARN_DEPRECATED_OBJC_IMPLEMENTATIONS = YES;
				CLANG_WARN_DIRECT_OBJC_ISA_USAGE = YES_ERROR;
				CLANG_WARN_DOCUMENTATION_COMMENTS = YES;
				CLANG_WARN_EMPTY_BODY = YES;
				CLANG_WARN_ENUM_CONVERSION = YES;
				CLANG_WARN_INFINITE_RECURSION = YES;
				CLANG_WARN_INT_CONVERSION = YES;
				CLANG_WARN_NON_LITERAL_NULL_CONVERSION = YES;
				CLANG_WARN_OBJC_IMPLICIT_RETAIN_SELF = YES;
				CLANG_WARN_OBJC_LITERAL_CONVERSION = YES;
				CLANG_WARN_OBJC_ROOT_CLASS = YES_ERROR;
				CLANG_WARN_QUOTED_INCLUDE_IN_FRAMEWORK_HEADER = YES;
				CLANG_WARN_RANGE_LOOP_ANALYSIS = YES;
				CLANG_WARN_STRICT_PROTOTYPES = YES;
				CLANG_WARN_SUSPICIOUS_MOVE = YES;
				CLANG_WARN_UNGUARDED_AVAILABILITY = YES_AGGRESSIVE;
				CLANG_WARN_UNREACHABLE_CODE = YES;
				CLANG_WARN__DUPLICATE_METHOD_MATCH = YES;
				COPY_PHASE_STRIP = NO;
				DEBUG_INFORMATION_FORMAT = "dwarf-with-dsym";
				ENABLE_NS_ASSERTIONS = NO;
				ENABLE_STRICT_OBJC_MSGSEND = YES;
				GCC_C_LANGUAGE_STANDARD = gnu11;
				GCC_NO_COMMON_BLOCKS = YES;
				GCC_WARN_64_TO_32_BIT_CONVERSION = YES;
				GCC_WARN_ABOUT_RETURN_TYPE = YES_ERROR;
				GCC_WARN_UNDECLARED_SELECTOR = YES;
				GCC_WARN_UNINITIALIZED_AUTOS = YES_AGGRESSIVE;
				GCC_WARN_UNUSED_FUNCTION = YES;
				GCC_WARN_UNUSED_VARIABLE = YES;
				IPHONEOS_DEPLOYMENT_TARGET = 16.1;
				MTL_ENABLE_DEBUG_INFO = NO;
				MTL_FAST_MATH = YES;
				SDKROOT = iphoneos;
				SWIFT_COMPILATION_MODE = wholemodule;
				SWIFT_OPTIMIZATION_LEVEL = "-O";
				VALIDATE_PRODUCT = YES;
			};
			name = Release;
		};
		F52B0A3D294874270011BA49 /* Debug */ = {
			isa = XCBuildConfiguration;
			buildSettings = {
				ASSETCATALOG_COMPILER_APPICON_NAME = AppIcon;
				ASSETCATALOG_COMPILER_GLOBAL_ACCENT_COLOR_NAME = AccentColor;
				CODE_SIGN_STYLE = Automatic;
				CURRENT_PROJECT_VERSION = 1;
				DEVELOPMENT_TEAM = 3JZ46LDFJ6;
				GENERATE_INFOPLIST_FILE = YES;
				INFOPLIST_FILE = "Test 3r/Info.plist";
				INFOPLIST_KEY_UIApplicationSupportsIndirectInputEvents = YES;
				INFOPLIST_KEY_UILaunchStoryboardName = LaunchScreen;
				INFOPLIST_KEY_UIMainStoryboardFile = Main;
				INFOPLIST_KEY_UISupportedInterfaceOrientations_iPad = "UIInterfaceOrientationPortrait UIInterfaceOrientationPortraitUpsideDown UIInterfaceOrientationLandscapeLeft UIInterfaceOrientationLandscapeRight";
				INFOPLIST_KEY_UISupportedInterfaceOrientations_iPhone = "UIInterfaceOrientationPortrait UIInterfaceOrientationLandscapeLeft UIInterfaceOrientationLandscapeRight";
				LD_RUNPATH_SEARCH_PATHS = (
					"$(inherited)",
					"@executable_path/Frameworks",
				);
				MARKETING_VERSION = 1.0;
				PRODUCT_BUNDLE_IDENTIFIER = "Aibek.com.Test-3r";
				PRODUCT_NAME = "$(TARGET_NAME)";
				SWIFT_EMIT_LOC_STRINGS = YES;
				SWIFT_VERSION = 5.0;
				TARGETED_DEVICE_FAMILY = "1,2";
			};
			name = Debug;
		};
		F52B0A3E294874270011BA49 /* Release */ = {
			isa = XCBuildConfiguration;
			buildSettings = {
				ASSETCATALOG_COMPILER_APPICON_NAME = AppIcon;
				ASSETCATALOG_COMPILER_GLOBAL_ACCENT_COLOR_NAME = AccentColor;
				CODE_SIGN_STYLE = Automatic;
				CURRENT_PROJECT_VERSION = 1;
				DEVELOPMENT_TEAM = 3JZ46LDFJ6;
				GENERATE_INFOPLIST_FILE = YES;
				INFOPLIST_FILE = "Test 3r/Info.plist";
				INFOPLIST_KEY_UIApplicationSupportsIndirectInputEvents = YES;
				INFOPLIST_KEY_UILaunchStoryboardName = LaunchScreen;
				INFOPLIST_KEY_UIMainStoryboardFile = Main;
				INFOPLIST_KEY_UISupportedInterfaceOrientations_iPad = "UIInterfaceOrientationPortrait UIInterfaceOrientationPortraitUpsideDown UIInterfaceOrientationLandscapeLeft UIInterfaceOrientationLandscapeRight";
				INFOPLIST_KEY_UISupportedInterfaceOrientations_iPhone = "UIInterfaceOrientationPortrait UIInterfaceOrientationLandscapeLeft UIInterfaceOrientationLandscapeRight";
				LD_RUNPATH_SEARCH_PATHS = (
					"$(inherited)",
					"@executable_path/Frameworks",
				);
				MARKETING_VERSION = 1.0;
				PRODUCT_BUNDLE_IDENTIFIER = "Aibek.com.Test-3r";
				PRODUCT_NAME = "$(TARGET_NAME)";
				SWIFT_EMIT_LOC_STRINGS = YES;
				SWIFT_VERSION = 5.0;
				TARGETED_DEVICE_FAMILY = "1,2";
			};
			name = Release;
		};
/* End XCBuildConfiguration section */

/* Begin XCConfigurationList section */
		F52B0A23294874250011BA49 /* Build configuration list for PBXProject "Test 3r" */ = {
			isa = XCConfigurationList;
			buildConfigurations = (
				F52B0A3A294874270011BA49 /* Debug */,
				F52B0A3B294874270011BA49 /* Release */,
			);
			defaultConfigurationIsVisible = 0;
			defaultConfigurationName = Release;
		};
		F52B0A3C294874270011BA49 /* Build configuration list for PBXNativeTarget "Test 3r" */ = {
			isa = XCConfigurationList;
			buildConfigurations = (
				F52B0A3D294874270011BA49 /* Debug */,
				F52B0A3E294874270011BA49 /* Release */,
			);
			defaultConfigurationIsVisible = 0;
			defaultConfigurationName = Release;
		};
/* End XCConfigurationList section */
	};
	rootObject = F52B0A20294874250011BA49 /* Project object */;
}
